schema: '2.0'
stages:
  data_ingestion:
    cmd: python src/data_ingestion.py
    deps:
    - path: src/data_ingestion.py
      hash: md5
      md5: 96cf6fe2a8269ee9fa814118a6b94dbc
      size: 3538
    params:
      params.yaml:
        data_ingestion.test_size: 0.33
    outs:
    - path: data/raw
      hash: md5
      md5: c554d15e92094c735b522afd9657d0ff.dir
      size: 479272
      nfiles: 2
  data_preprocessing:
    cmd: python src/data_preprocessing.py
    deps:
    - path: data/raw
      hash: md5
      md5: c554d15e92094c735b522afd9657d0ff.dir
      size: 479272
      nfiles: 2
    - path: src/data_preprocessing.py
      hash: md5
      md5: 158130fa3ada2ed96ada460b539d42e9
      size: 3864
    outs:
    - path: data/interim
      hash: md5
      md5: 75c620c2971a940f7d385b2bddb7cd04.dir
      size: 257362
      nfiles: 2
  feature_engineering:
    cmd: python src/feature_engineering.py
    deps:
    - path: data/interim
      hash: md5
      md5: 75c620c2971a940f7d385b2bddb7cd04.dir
      size: 257362
      nfiles: 2
    - path: src/feature_engineering.py
      hash: md5
      md5: 55c838f8b9b24bdf96f0bf4a576fbf73
      size: 3798
    params:
      params.yaml:
        feature_engineering.max_features: 50
    outs:
    - path: data/processed
      hash: md5
      md5: b4cbc9ddddf08ed7b8ed591a5edd9b0a.dir
      size: 1183591
      nfiles: 2
  model_building:
    cmd: python src/model_building.py
    deps:
    - path: data/processed
      hash: md5
      md5: b4cbc9ddddf08ed7b8ed591a5edd9b0a.dir
      size: 1183591
      nfiles: 2
    - path: src/model_building.py
      hash: md5
      md5: 4ff993f22014a1ab6b0c0f8a90521404
      size: 4346
    params:
      params.yaml:
        model_building.n_estimators: 25
        model_building.random_state: 2
    outs:
    - path: models/model.pkl
      hash: md5
      md5: 79ab93bd80cbef2c8e6780c4b39fba22
      size: 850960
  model_evaluation:
    cmd: python src/model_evaluation.py
    deps:
    - path: models/model.pkl
      hash: md5
      md5: 79ab93bd80cbef2c8e6780c4b39fba22
      size: 850960
    - path: src/model_evaluation.py
      hash: md5
      md5: efb1de9838f57b0e50862992a47805df
      size: 4502
    outs:
    - path: reports/metrics.json
      hash: md5
      md5: 5e5cb9539294062919b7b7a947f91a53
      size: 140
